github.com/joho/godotenv v1.5.1 h1:7eLL/+HRGLY0ldzfGMeQkb7vMd0as4CfYvUVzLqw0N0=
github.com/joho/godotenv v1.5.1/go.mod h1:f4LDr5Voq0i2e/R5DDNOoa2zzDfwtkZa6DnEwAbqwq4=
github.com/ovila98/ers v1.2.0 h1:FA4uc19u+yw97Zu50XNHKD1f7k1gVhjv2m2DnBjIgOY=
github.com/ovila98/ers v1.2.0/go.mod h1:UT9YIiiF10uG/ApfMS2dinLGB38Ty8scDiUkMidi1/Y=
